{
  "name": "tweetops",
  "version": "1.0.0",
  "lockfileVersion": 1,
  "requires": true,
  "dependencies": {
    "axios": {
      "version": "0.19.0",
      "resolved": "https://a0us.jfrog.io/a0us/api/npm/npm/axios/-/axios-0.19.0.tgz",
      "integrity": "sha1-jgm/89kSLhM/e4EByPvdAO09Krg=",
      "requires": {
        "follow-redirects": "1.5.10",
        "is-buffer": "^2.0.2"
      }
    },
    "debug": {
      "version": "3.1.0",
      "resolved": "https://a0us.jfrog.io/a0us/api/npm/npm/debug/-/debug-3.1.0.tgz",
      "integrity": "sha1-W7WgZyYotkFJVmuhaBnmFRjGcmE=",
      "requires": {
        "ms": "2.0.0"
      }
    },
    "follow-redirects": {
      "version": "1.5.10",
      "resolved": "https://a0us.jfrog.io/a0us/api/npm/npm/follow-redirects/-/follow-redirects-1.5.10.tgz",
      "integrity": "sha1-e3qfmuov3/NnhqlP9kPtB/T/Xio=",
      "requires": {
        "debug": "=3.1.0"
      }
    },
    "he": {
      "version": "1.1.1",
      "resolved": "https://a0us.jfrog.io/a0us/api/npm/npm/he/-/he-1.1.1.tgz",
      "integrity": "sha1-k0EP0hsAlzUVH4howvJx80J+I/0="
    },
    "is-buffer": {
      "version": "2.0.3",
      "resolved": "https://a0us.jfrog.io/a0us/api/npm/npm/is-buffer/-/is-buffer-2.0.3.tgz",
      "integrity": "sha1-Ts8/z3ScvR5HJonhCaxmJhol5yU="
    },
    "lodash": {
      "version": "4.17.15",
      "resolved": "https://a0us.jfrog.io/a0us/api/npm/npm/lodash/-/lodash-4.17.15.tgz",
      "integrity": "sha1-tEf2ZwoEVbv+7dETku/zMOoJdUg="
    },
    "moment": {
      "version": "2.24.0",
      "resolved": "https://a0us.jfrog.io/a0us/api/npm/npm/moment/-/moment-2.24.0.tgz",
      "integrity": "sha1-DQVdU/UFKqZTyfbraLtdEr9cK1s="
    },
    "ms": {
      "version": "2.0.0",
      "resolved": "https://a0us.jfrog.io/a0us/api/npm/npm/ms/-/ms-2.0.0.tgz",
      "integrity": "sha1-VgiurfwAvmwpAd9fmGF4jeDVl8g="
    },
    "node-html-parser": {
      "version": "1.1.16",
      "resolved": "https://a0us.jfrog.io/a0us/api/npm/npm/node-html-parser/-/node-html-parser-1.1.16.tgz",
      "integrity": "sha1-WfByvKvxz24j94eKduDDuBuRlPo=",
      "requires": {
        "he": "1.1.1"
      }
    }
  }
}
